
Microsoft Visual Studio Solution File, Format Version 12.00
# Visual Studio Version 17
VisualStudioVersion = 17.3.32901.215
MinimumVisualStudioVersion = 10.0.40219.1
Project("{9A19103F-16F7-4668-BE54-9A1E7A4F7556}") = "MISA.WEB08.AMIS.API", "MISA.WEB08.AMIS.API\MISA.WEB08.AMIS.API.csproj", "{A09699B4-731A-4DEA-9230-D64A46F684CC}"
EndProject
Project("{FAE04EC0-301F-11D3-BF4B-00C04F79EFBC}") = "MISA.WEB08.AMIS.CORE", "MISA.WEB08.AMIS.CORE\MISA.WEB08.AMIS.CORE.csproj", "{71C68982-EAE8-4E29-90FA-5DDA3FD71D2F}"
EndProject
Project("{FAE04EC0-301F-11D3-BF4B-00C04F79EFBC}") = "MISA.WEB08.AMIS.INFRASTRUCTURE", "MISA.WEB08.AMIS.INFRASTRUCTURE\MISA.WEB08.AMIS.INFRASTRUCTURE.csproj", "{71A15970-5605-4C85-BD2D-016CD0C32DDF}"
EndProject
Global
	GlobalSection(SolutionConfigurationPlatforms) = preSolution
		Debug|Any CPU = Debug|Any CPU
		Release|Any CPU = Release|Any CPU
	EndGlobalSection
	GlobalSection(ProjectConfigurationPlatforms) = postSolution
		{A09699B4-731A-4DEA-9230-D64A46F684CC}.Debug|Any CPU.ActiveCfg = Debug|Any CPU
		{A09699B4-731A-4DEA-9230-D64A46F684CC}.Debug|Any CPU.Build.0 = Debug|Any CPU
		{A09699B4-731A-4DEA-9230-D64A46F684CC}.Release|Any CPU.ActiveCfg = Release|Any CPU
		{A09699B4-731A-4DEA-9230-D64A46F684CC}.Release|Any CPU.Build.0 = Release|Any CPU
		{71C68982-EAE8-4E29-90FA-5DDA3FD71D2F}.Debug|Any CPU.ActiveCfg = Debug|Any CPU
		{71C68982-EAE8-4E29-90FA-5DDA3FD71D2F}.Debug|Any CPU.Build.0 = Debug|Any CPU
		{71C68982-EAE8-4E29-90FA-5DDA3FD71D2F}.Release|Any CPU.ActiveCfg = Release|Any CPU
		{71C68982-EAE8-4E29-90FA-5DDA3FD71D2F}.Release|Any CPU.Build.0 = Release|Any CPU
		{71A15970-5605-4C85-BD2D-016CD0C32DDF}.Debug|Any CPU.ActiveCfg = Debug|Any CPU
		{71A15970-5605-4C85-BD2D-016CD0C32DDF}.Debug|Any CPU.Build.0 = Debug|Any CPU
		{71A15970-5605-4C85-BD2D-016CD0C32DDF}.Release|Any CPU.ActiveCfg = Release|Any CPU
		{71A15970-5605-4C85-BD2D-016CD0C32DDF}.Release|Any CPU.Build.0 = Release|Any CPU
	EndGlobalSection
	GlobalSection(SolutionProperties) = preSolution
		HideSolutionNode = FALSE
	EndGlobalSection
	GlobalSection(ExtensibilityGlobals) = postSolution
		SolutionGuid = {F0F19955-E4A5-4AA6-866E-02CEE0232D52}
	EndGlobalSection
EndGlobal
